// !$*UTF8*$!
{
	archiveVersion = 1;
	classes = {
	};
	objectVersion = 55;
	objects = {

/* Begin PBXBuildFile section */
		189A4D9F2E12A82F0075AFED /* CalculatorSwiftUIApp.swift in Sources */ = {isa = PBXBuildFile; fileRef = 189A4D9E2E12A82F0075AFED /* CalculatorSwiftUIApp.swift */; };
		189A4DA12E12A82F0075AFED /* ContentView.swift in Sources */ = {isa = PBXBuildFile; fileRef = 189A4DA02E12A82F0075AFED /* ContentView.swift */; };
		189A4DA32E12A8340075AFED /* Assets.xcassets in Resources */ = {isa = PBXBuildFile; fileRef = 189A4DA22E12A8340075AFED /* Assets.xcassets */; };
		189A4DA62E12A8340075AFED /* Preview Assets.xcassets in Resources */ = {isa = PBXBuildFile; fileRef = 189A4DA52E12A8340075AFED /* Preview Assets.xcassets */; };
		189A4DB02E12A8340075AFED /* CalculatorSwiftUITests.swift in Sources */ = {isa = PBXBuildFile; fileRef = 189A4DAF2E12A8340075AFED /* CalculatorSwiftUITests.swift */; };
		189A4DBA2E12A8340075AFED /* CalculatorSwiftUIUITests.swift in Sources */ = {isa = PBXBuildFile; fileRef = 189A4DB92E12A8340075AFED /* CalculatorSwiftUIUITests.swift */; };
		189A4DBC2E12A8340075AFED /* CalculatorSwiftUIUITestsLaunchTests.swift in Sources */ = {isa = PBXBuildFile; fileRef = 189A4DBB2E12A8340075AFED /* CalculatorSwiftUIUITestsLaunchTests.swift */; };
		189A4DC92E12AA320075AFED /* CalculatorSwiftUI.swift in Sources */ = {isa = PBXBuildFile; fileRef = 189A4DC82E12AA320075AFED /* CalculatorSwiftUI.swift */; };
/* End PBXBuildFile section */

/* Begin PBXContainerItemProxy section */
		189A4DAC2E12A8340075AFED /* PBXContainerItemProxy */ = {
			isa = PBXContainerItemProxy;
			containerPortal = 189A4D932E12A82F0075AFED /* Project object */;
			proxyType = 1;
			remoteGlobalIDString = 189A4D9A2E12A82F0075AFED;
			remoteInfo = CalculatorSwiftUI;
		};
		189A4DB62E12A8340075AFED /* PBXContainerItemProxy */ = {
			isa = PBXContainerItemProxy;
			containerPortal = 189A4D932E12A82F0075AFED /* Project object */;
			proxyType = 1;
			remoteGlobalIDString = 189A4D9A2E12A82F0075AFED;
			remoteInfo = CalculatorSwiftUI;
		};
/* End PBXContainerItemProxy section */

/* Begin PBXFileReference section */
		189A4D9B2E12A82F0075AFED /* CalculatorSwiftUI.app */ = {isa = PBXFileReference; explicitFileType = wrapper.application; includeInIndex = 0; path = CalculatorSwiftUI.app; sourceTree = BUILT_PRODUCTS_DIR; };
		189A4D9E2E12A82F0075AFED /* CalculatorSwiftUIApp.swift */ = {isa = PBXFileReference; lastKnownFileType = sourcecode.swift; path = CalculatorSwiftUIApp.swift; sourceTree = "<group>"; };
		189A4DA02E12A82F0075AFED /* ContentView.swift */ = {isa = PBXFileReference; lastKnownFileType = sourcecode.swift; path = ContentView.swift; sourceTree = "<group>"; };
		189A4DA22E12A8340075AFED /* Assets.xcassets */ = {isa = PBXFileReference; lastKnownFileType = folder.assetcatalog; path = Assets.xcassets; sourceTree = "<group>"; };
		189A4DA52E12A8340075AFED /* Preview Assets.xcassets */ = {isa = PBXFileReference; lastKnownFileType = folder.assetcatalog; path = "Preview Assets.xcassets"; sourceTree = "<group>"; };
		189A4DAB2E12A8340075AFED /* CalculatorSwiftUITests.xctest */ = {isa = PBXFileReference; explicitFileType = wrapper.cfbundle; includeInIndex = 0; path = CalculatorSwiftUITests.xctest; sourceTree = BUILT_PRODUCTS_DIR; };
		189A4DAF2E12A8340075AFED /* CalculatorSwiftUITests.swift */ = {isa = PBXFileReference; lastKnownFileType = sourcecode.swift; path = CalculatorSwiftUITests.swift; sourceTree = "<group>"; };
		189A4DB52E12A8340075AFED /* CalculatorSwiftUIUITests.xctest */ = {isa = PBXFileReference; explicitFileType = wrapper.cfbundle; includeInIndex = 0; path = CalculatorSwiftUIUITests.xctest; sourceTree = BUILT_PRODUCTS_DIR; };
		189A4DB92E12A8340075AFED /* CalculatorSwiftUIUITests.swift */ = {isa = PBXFileReference; lastKnownFileType = sourcecode.swift; path = CalculatorSwiftUIUITests.swift; sourceTree = "<group>"; };
		189A4DBB2E12A8340075AFED /* CalculatorSwiftUIUITestsLaunchTests.swift */ = {isa = PBXFileReference; lastKnownFileType = sourcecode.swift; path = CalculatorSwiftUIUITestsLaunchTests.swift; sourceTree = "<group>"; };
		189A4DC82E12AA320075AFED /* CalculatorSwiftUI.swift */ = {isa = PBXFileReference; lastKnownFileType = sourcecode.swift; path = CalculatorSwiftUI.swift; sourceTree = "<group>"; };
/* End PBXFileReference section */

/* Begin PBXFrameworksBuildPhase section */
		189A4D982E12A82F0075AFED /* Frameworks */ = {
			isa = PBXFrameworksBuildPhase;
			buildActionMask = 2147483647;
			files = (
			);
			runOnlyForDeploymentPostprocessing = 0;
		};
		189A4DA82E12A8340075AFED /* Frameworks */ = {
			isa = PBXFrameworksBuildPhase;
			buildActionMask = 2147483647;
			files = (
			);
			runOnlyForDeploymentPostprocessing = 0;
		};
		189A4DB22E12A8340075AFED /* Frameworks */ = {
			isa = PBXFrameworksBuildPhase;
			buildActionMask = 2147483647;
			files = (
			);
			runOnlyForDeploymentPostprocessing = 0;
		};
/* End PBXFrameworksBuildPhase section */

/* Begin PBXGroup section */
		189A4D922E12A82F0075AFED = {
			isa = PBXGroup;
			children = (
				189A4D9D2E12A82F0075AFED /* CalculatorSwiftUI */,
				189A4DAE2E12A8340075AFED /* CalculatorSwiftUITests */,
				189A4DB82E12A8340075AFED /* CalculatorSwiftUIUITests */,
				189A4D9C2E12A82F0075AFED /* Products */,
			);
			sourceTree = "<group>";
		};
		189A4D9C2E12A82F0075AFED /* Products */ = {
			isa = PBXGroup;
			children = (
				189A4D9B2E12A82F0075AFED /* CalculatorSwiftUI.app */,
				189A4DAB2E12A8340075AFED /* CalculatorSwiftUITests.xctest */,
				189A4DB52E12A8340075AFED /* CalculatorSwiftUIUITests.xctest */,
			);
			name = Products;
			sourceTree = "<group>";
		};
		189A4D9D2E12A82F0075AFED /* CalculatorSwiftUI */ = {
			isa = PBXGroup;
			children = (
				189A4D9E2E12A82F0075AFED /* CalculatorSwiftUIApp.swift */,
				189A4DA02E12A82F0075AFED /* ContentView.swift */,
				189A4DC82E12AA320075AFED /* CalculatorSwiftUI.swift */,
				189A4DA22E12A8340075AFED /* Assets.xcassets */,
				189A4DA42E12A8340075AFED /* Preview Content */,
			);
			path = CalculatorSwiftUI;
			sourceTree = "<group>";
		};
		189A4DA42E12A8340075AFED /* Preview Content */ = {
			isa = PBXGroup;
			children = (
				189A4DA52E12A8340075AFED /* Preview Assets.xcassets */,
			);
			path = "Preview Content";
			sourceTree = "<group>";
		};
		189A4DAE2E12A8340075AFED /* CalculatorSwiftUITests */ = {
			isa = PBXGroup;
			children = (
				189A4DAF2E12A8340075AFED /* CalculatorSwiftUITests.swift */,
			);
			path = CalculatorSwiftUITests;
			sourceTree = "<group>";
		};
		189A4DB82E12A8340075AFED /* CalculatorSwiftUIUITests */ = {
			isa = PBXGroup;
			children = (
				189A4DB92E12A8340075AFED /* CalculatorSwiftUIUITests.swift */,
				189A4DBB2E12A8340075AFED /* CalculatorSwiftUIUITestsLaunchTests.swift */,
			);
			path = CalculatorSwiftUIUITests;
			sourceTree = "<group>";
		};
/* End PBXGroup section */

/* Begin PBXNativeTarget section */
		189A4D9A2E12A82F0075AFED /* CalculatorSwiftUI */ = {
			isa = PBXNativeTarget;
			buildConfigurationList = 189A4DBF2E12A8340075AFED /* Build configuration list for PBXNativeTarget "CalculatorSwiftUI" */;
			buildPhases = (
				189A4D972E12A82F0075AFED /* Sources */,
				189A4D982E12A82F0075AFED /* Frameworks */,
				189A4D992E12A82F0075AFED /* Resources */,
			);
			buildRules = (
			);
			dependencies = (
			);
			name = CalculatorSwiftUI;
			productName = CalculatorSwiftUI;
			productReference = 189A4D9B2E12A82F0075AFED /* CalculatorSwiftUI.app */;
			productType = "com.apple.product-type.application";
		};
		189A4DAA2E12A8340075AFED /* CalculatorSwiftUITests */ = {
			isa = PBXNativeTarget;
			buildConfigurationList = 189A4DC22E12A8340075AFED /* Build configuration list for PBXNativeTarget "CalculatorSwiftUITests" */;
			buildPhases = (
				189A4DA72E12A8340075AFED /* Sources */,
				189A4DA82E12A8340075AFED /* Frameworks */,
				189A4DA92E12A8340075AFED /* Resources */,
			);
			buildRules = (
			);
			dependencies = (
				189A4DAD2E12A8340075AFED /* PBXTargetDependency */,
			);
			name = CalculatorSwiftUITests;
			productName = CalculatorSwiftUITests;
			productReference = 189A4DAB2E12A8340075AFED /* CalculatorSwiftUITests.xctest */;
			productType = "com.apple.product-type.bundle.unit-test";
		};
		189A4DB42E12A8340075AFED /* CalculatorSwiftUIUITests */ = {
			isa = PBXNativeTarget;
			buildConfigurationList = 189A4DC52E12A8340075AFED /* Build configuration list for PBXNativeTarget "CalculatorSwiftUIUITests" */;
			buildPhases = (
				189A4DB12E12A8340075AFED /* Sources */,
				189A4DB22E12A8340075AFED /* Frameworks */,
				189A4DB32E12A8340075AFED /* Resources */,
			);
			buildRules = (
			);
			dependencies = (
				189A4DB72E12A8340075AFED /* PBXTargetDependency */,
			);
			name = CalculatorSwiftUIUITests;
			productName = CalculatorSwiftUIUITests;
			productReference = 189A4DB52E12A8340075AFED /* CalculatorSwiftUIUITests.xctest */;
			productType = "com.apple.product-type.bundle.ui-testing";
		};
/* End PBXNativeTarget section */

/* Begin PBXProject section */
		189A4D932E12A82F0075AFED /* Project object */ = {
			isa = PBXProject;
			attributes = {
				BuildIndependentTargetsInParallel = 1;
				LastSwiftUpdateCheck = 1320;
				LastUpgradeCheck = 1320;
				TargetAttributes = {
					189A4D9A2E12A82F0075AFED = {
						CreatedOnToolsVersion = 13.2.1;
					};
					189A4DAA2E12A8340075AFED = {
						CreatedOnToolsVersion = 13.2.1;
						TestTargetID = 189A4D9A2E12A82F0075AFED;
					};
					189A4DB42E12A8340075AFED = {
						CreatedOnToolsVersion = 13.2.1;
						TestTargetID = 189A4D9A2E12A82F0075AFED;
					};
				};
			};
			buildConfigurationList = 189A4D962E12A82F0075AFED /* Build configuration list for PBXProject "CalculatorSwiftUI" */;
			compatibilityVersion = "Xcode 13.0";
			developmentRegion = en;
			hasScannedForEncodings = 0;
			knownRegions = (
				en,
				Base,
			);
			mainGroup = 189A4D922E12A82F0075AFED;
			productRefGroup = 189A4D9C2E12A82F0075AFED /* Products */;
			projectDirPath = "";
			projectRoot = "";
			targets = (
				189A4D9A2E12A82F0075AFED /* CalculatorSwiftUI */,
				189A4DAA2E12A8340075AFED /* CalculatorSwiftUITests */,
				189A4DB42E12A8340075AFED /* CalculatorSwiftUIUITests */,
			);
		};
/* End PBXProject section */

/* Begin PBXResourcesBuildPhase section */
		189A4D992E12A82F0075AFED /* Resources */ = {
			isa = PBXResourcesBuildPhase;
			buildActionMask = 2147483647;
			files = (
				189A4DA62E12A8340075AFED /* Preview Assets.xcassets in Resources */,
				189A4DA32E12A8340075AFED /* Assets.xcassets in Resources */,
			);
			runOnlyForDeploymentPostprocessing = 0;
		};
		189A4DA92E12A8340075AFED /* Resources */ = {
			isa = PBXResourcesBuildPhase;
			buildActionMask = 2147483647;
			files = (
			);
			runOnlyForDeploymentPostprocessing = 0;
		};
		189A4DB32E12A8340075AFED /* Resources */ = {
			isa = PBXResourcesBuildPhase;
			buildActionMask = 2147483647;
			files = (
			);
			runOnlyForDeploymentPostprocessing = 0;
		};
/* End PBXResourcesBuildPhase section */

/* Begin PBXSourcesBuildPhase section */
		189A4D972E12A82F0075AFED /* Sources */ = {
			isa = PBXSourcesBuildPhase;
			buildActionMask = 2147483647;
			files = (
				189A4DC92E12AA320075AFED /* CalculatorSwiftUI.swift in Sources */,
				189A4DA12E12A82F0075AFED /* ContentView.swift in Sources */,
				189A4D9F2E12A82F0075AFED /* CalculatorSwiftUIApp.swift in Sources */,
			);
			runOnlyForDeploymentPostprocessing = 0;
		};
		189A4DA72E12A8340075AFED /* Sources */ = {
			isa = PBXSourcesBuildPhase;
			buildActionMask = 2147483647;
			files = (
				189A4DB02E12A8340075AFED /* CalculatorSwiftUITests.swift in Sources */,
			);
			runOnlyForDeploymentPostprocessing = 0;
		};
		189A4DB12E12A8340075AFED /* Sources */ = {
			isa = PBXSourcesBuildPhase;
			buildActionMask = 2147483647;
			files = (
				189A4DBC2E12A8340075AFED /* CalculatorSwiftUIUITestsLaunchTests.swift in Sources */,
				189A4DBA2E12A8340075AFED /* CalculatorSwiftUIUITests.swift in Sources */,
			);
			runOnlyForDeploymentPostprocessing = 0;
		};
/* End PBXSourcesBuildPhase section */

/* Begin PBXTargetDependency section */
		189A4DAD2E12A8340075AFED /* PBXTargetDependency */ = {
			isa = PBXTargetDependency;
			target = 189A4D9A2E12A82F0075AFED /* CalculatorSwiftUI */;
			targetProxy = 189A4DAC2E12A8340075AFED /* PBXContainerItemProxy */;
		};
		189A4DB72E12A8340075AFED /* PBXTargetDependency */ = {
			isa = PBXTargetDependency;
			target = 189A4D9A2E12A82F0075AFED /* CalculatorSwiftUI */;
			targetProxy = 189A4DB62E12A8340075AFED /* PBXContainerItemProxy */;
		};
/* End PBXTargetDependency section */

/* Begin XCBuildConfiguration section */
		189A4DBD2E12A8340075AFED /* Debug */ = {
			isa = XCBuildConfiguration;
			buildSettings = {
				ALWAYS_SEARCH_USER_PATHS = NO;
				CLANG_ANALYZER_NONNULL = YES;
				CLANG_ANALYZER_NUMBER_OBJECT_CONVERSION = YES_AGGRESSIVE;
				CLANG_CXX_LANGUAGE_STANDARD = "gnu++17";
				CLANG_CXX_LIBRARY = "libc++";
				CLANG_ENABLE_MODULES = YES;
				CLANG_ENABLE_OBJC_ARC = YES;
				CLANG_ENABLE_OBJC_WEAK = YES;
				CLANG_WARN_BLOCK_CAPTURE_AUTORELEASING = YES;
				CLANG_WARN_BOOL_CONVERSION = YES;
				CLANG_WARN_COMMA = YES;
				CLANG_WARN_CONSTANT_CONVERSION = YES;
				CLANG_WARN_DEPRECATED_OBJC_IMPLEMENTATIONS = YES;
				CLANG_WARN_DIRECT_OBJC_ISA_USAGE = YES_ERROR;
				CLANG_WARN_DOCUMENTATION_COMMENTS = YES;
				CLANG_WARN_EMPTY_BODY = YES;
				CLANG_WARN_ENUM_CONVERSION = YES;
				CLANG_WARN_INFINITE_RECURSION = YES;
				CLANG_WARN_INT_CONVERSION = YES;
				CLANG_WARN_NON_LITERAL_NULL_CONVERSION = YES;
				CLANG_WARN_OBJC_IMPLICIT_RETAIN_SELF = YES;
				CLANG_WARN_OBJC_LITERAL_CONVERSION = YES;
				CLANG_WARN_OBJC_ROOT_CLASS = YES_ERROR;
				CLANG_WARN_QUOTED_INCLUDE_IN_FRAMEWORK_HEADER = YES;
				CLANG_WARN_RANGE_LOOP_ANALYSIS = YES;
				CLANG_WARN_STRICT_PROTOTYPES = YES;
				CLANG_WARN_SUSPICIOUS_MOVE = YES;
				CLANG_WARN_UNGUARDED_AVAILABILITY = YES_AGGRESSIVE;
				CLANG_WARN_UNREACHABLE_CODE = YES;
				CLANG_WARN__DUPLICATE_METHOD_MATCH = YES;
				COPY_PHASE_STRIP = NO;
				DEBUG_INFORMATION_FORMAT = dwarf;
				ENABLE_STRICT_OBJC_MSGSEND = YES;
				ENABLE_TESTABILITY = YES;
				GCC_C_LANGUAGE_STANDARD = gnu11;
				GCC_DYNAMIC_NO_PIC = NO;
				GCC_NO_COMMON_BLOCKS = YES;
				GCC_OPTIMIZATION_LEVEL = 0;
				GCC_PREPROCESSOR_DEFINITIONS = (
					"DEBUG=1",
					"$(inherited)",
				);
				GCC_WARN_64_TO_32_BIT_CONVERSION = YES;
				GCC_WARN_ABOUT_RETURN_TYPE = YES_ERROR;
				GCC_WARN_UNDECLARED_SELECTOR = YES;
				GCC_WARN_UNINITIALIZED_AUTOS = YES_AGGRESSIVE;
				GCC_WARN_UNUSED_FUNCTION = YES;
				GCC_WARN_UNUSED_VARIABLE = YES;
				IPHONEOS_DEPLOYMENT_TARGET = 15.2;
				MTL_ENABLE_DEBUG_INFO = INCLUDE_SOURCE;
				MTL_FAST_MATH = YES;
				ONLY_ACTIVE_ARCH = YES;
				SDKROOT = iphoneos;
				SWIFT_ACTIVE_COMPILATION_CONDITIONS = DEBUG;
				SWIFT_OPTIMIZATION_LEVEL = "-Onone";
			};
			name = Debug;
		};
		189A4DBE2E12A8340075AFED /* Release */ = {
			isa = XCBuildConfiguration;
			buildSettings = {
				ALWAYS_SEARCH_USER_PATHS = NO;
				CLANG_ANALYZER_NONNULL = YES;
				CLANG_ANALYZER_NUMBER_OBJECT_CONVERSION = YES_AGGRESSIVE;
				CLANG_CXX_LANGUAGE_STANDARD = "gnu++17";
				CLANG_CXX_LIBRARY = "libc++";
				CLANG_ENABLE_MODULES = YES;
				CLANG_ENABLE_OBJC_ARC = YES;
				CLANG_ENABLE_OBJC_WEAK = YES;
				CLANG_WARN_BLOCK_CAPTURE_AUTORELEASING = YES;
				CLANG_WARN_BOOL_CONVERSION = YES;
				CLANG_WARN_COMMA = YES;
				CLANG_WARN_CONSTANT_CONVERSION = YES;
				CLANG_WARN_DEPRECATED_OBJC_IMPLEMENTATIONS = YES;
				CLANG_WARN_DIRECT_OBJC_ISA_USAGE = YES_ERROR;
				CLANG_WARN_DOCUMENTATION_COMMENTS = YES;
				CLANG_WARN_EMPTY_BODY = YES;
				CLANG_WARN_ENUM_CONVERSION = YES;
				CLANG_WARN_INFINITE_RECURSION = YES;
				CLANG_WARN_INT_CONVERSION = YES;
				CLANG_WARN_NON_LITERAL_NULL_CONVERSION = YES;
				CLANG_WARN_OBJC_IMPLICIT_RETAIN_SELF = YES;
				CLANG_WARN_OBJC_LITERAL_CONVERSION = YES;
				CLANG_WARN_OBJC_ROOT_CLASS = YES_ERROR;
				CLANG_WARN_QUOTED_INCLUDE_IN_FRAMEWORK_HEADER = YES;
				CLANG_WARN_RANGE_LOOP_ANALYSIS = YES;
				CLANG_WARN_STRICT_PROTOTYPES = YES;
				CLANG_WARN_SUSPICIOUS_MOVE = YES;
				CLANG_WARN_UNGUARDED_AVAILABILITY = YES_AGGRESSIVE;
				CLANG_WARN_UNREACHABLE_CODE = YES;
				CLANG_WARN__DUPLICATE_METHOD_MATCH = YES;
				COPY_PHASE_STRIP = NO;
				DEBUG_INFORMATION_FORMAT = "dwarf-with-dsym";
				ENABLE_NS_ASSERTIONS = NO;
				ENABLE_STRICT_OBJC_MSGSEND = YES;
				GCC_C_LANGUAGE_STANDARD = gnu11;
				GCC_NO_COMMON_BLOCKS = YES;
				GCC_WARN_64_TO_32_BIT_CONVERSION = YES;
				GCC_WARN_ABOUT_RETURN_TYPE = YES_ERROR;
				GCC_WARN_UNDECLARED_SELECTOR = YES;
				GCC_WARN_UNINITIALIZED_AUTOS = YES_AGGRESSIVE;
				GCC_WARN_UNUSED_FUNCTION = YES;
				GCC_WARN_UNUSED_VARIABLE = YES;
				IPHONEOS_DEPLOYMENT_TARGET = 15.2;
				MTL_ENABLE_DEBUG_INFO = NO;
				MTL_FAST_MATH = YES;
				SDKROOT = iphoneos;
				SWIFT_COMPILATION_MODE = wholemodule;
				SWIFT_OPTIMIZATION_LEVEL = "-O";
				VALIDATE_PRODUCT = YES;
			};
			name = Release;
		};
		189A4DC02E12A8340075AFED /* Debug */ = {
			isa = XCBuildConfiguration;
			buildSettings = {
				ASSETCATALOG_COMPILER_APPICON_NAME = AppIcon;
				ASSETCATALOG_COMPILER_GLOBAL_ACCENT_COLOR_NAME = AccentColor;
				CODE_SIGN_STYLE = Automatic;
				CURRENT_PROJECT_VERSION = 1;
				DEVELOPMENT_ASSET_PATHS = "\"CalculatorSwiftUI/Preview Content\"";
				ENABLE_PREVIEWS = YES;
				GENERATE_INFOPLIST_FILE = YES;
				INFOPLIST_KEY_UIApplicationSceneManifest_Generation = YES;
				INFOPLIST_KEY_UIApplicationSupportsIndirectInputEvents = YES;
				INFOPLIST_KEY_UILaunchScreen_Generation = YES;
				INFOPLIST_KEY_UISupportedInterfaceOrientations_iPad = "UIInterfaceOrientationPortrait UIInterfaceOrientationPortraitUpsideDown UIInterfaceOrientationLandscapeLeft UIInterfaceOrientationLandscapeRight";
				INFOPLIST_KEY_UISupportedInterfaceOrientations_iPhone = "UIInterfaceOrientationPortrait UIInterfaceOrientationLandscapeLeft UIInterfaceOrientationLandscapeRight";
				LD_RUNPATH_SEARCH_PATHS = (
					"$(inherited)",
					"@executable_path/Frameworks",
				);
				MARKETING_VERSION = 1.0;
				PRODUCT_BUNDLE_IDENTIFIER = com.iOSTest.CalculatorSwiftUI;
				PRODUCT_NAME = "$(TARGET_NAME)";
				SWIFT_EMIT_LOC_STRINGS = YES;
				SWIFT_VERSION = 5.0;
				TARGETED_DEVICE_FAMILY = "1,2";
			};
			name = Debug;
		};
		189A4DC12E12A8340075AFED /* Release */ = {
			isa = XCBuildConfiguration;
			buildSettings = {
				ASSETCATALOG_COMPILER_APPICON_NAME = AppIcon;
				ASSETCATALOG_COMPILER_GLOBAL_ACCENT_COLOR_NAME = AccentColor;
				CODE_SIGN_STYLE = Automatic;
				CURRENT_PROJECT_VERSION = 1;
				DEVELOPMENT_ASSET_PATHS = "\"CalculatorSwiftUI/Preview Content\"";
				ENABLE_PREVIEWS = YES;
				GENERATE_INFOPLIST_FILE = YES;
				INFOPLIST_KEY_UIApplicationSceneManifest_Generation = YES;
				INFOPLIST_KEY_UIApplicationSupportsIndirectInputEvents = YES;
				INFOPLIST_KEY_UILaunchScreen_Generation = YES;
				INFOPLIST_KEY_UISupportedInterfaceOrientations_iPad = "UIInterfaceOrientationPortrait UIInterfaceOrientationPortraitUpsideDown UIInterfaceOrientationLandscapeLeft UIInterfaceOrientationLandscapeRight";
				INFOPLIST_KEY_UISupportedInterfaceOrientations_iPhone = "UIInterfaceOrientationPortrait UIInterfaceOrientationLandscapeLeft UIInterfaceOrientationLandscapeRight";
				LD_RUNPATH_SEARCH_PATHS = (
					"$(inherited)",
					"@executable_path/Frameworks",
				);
				MARKETING_VERSION = 1.0;
				PRODUCT_BUNDLE_IDENTIFIER = com.iOSTest.CalculatorSwiftUI;
				PRODUCT_NAME = "$(TARGET_NAME)";
				SWIFT_EMIT_LOC_STRINGS = YES;
				SWIFT_VERSION = 5.0;
				TARGETED_DEVICE_FAMILY = "1,2";
			};
			name = Release;
		};
		189A4DC32E12A8340075AFED /* Debug */ = {
			isa = XCBuildConfiguration;
			buildSettings = {
				ALWAYS_EMBED_SWIFT_STANDARD_LIBRARIES = YES;
				BUNDLE_LOADER = "$(TEST_HOST)";
				CODE_SIGN_STYLE = Automatic;
				CURRENT_PROJECT_VERSION = 1;
				GENERATE_INFOPLIST_FILE = YES;
				IPHONEOS_DEPLOYMENT_TARGET = 15.2;
				MARKETING_VERSION = 1.0;
				PRODUCT_BUNDLE_IDENTIFIER = com.iOSTest.CalculatorSwiftUITests;
				PRODUCT_NAME = "$(TARGET_NAME)";
				SWIFT_EMIT_LOC_STRINGS = NO;
				SWIFT_VERSION = 5.0;
				TARGETED_DEVICE_FAMILY = "1,2";
				TEST_HOST = "$(BUILT_PRODUCTS_DIR)/CalculatorSwiftUI.app/CalculatorSwiftUI";
			};
			name = Debug;
		};
		189A4DC42E12A8340075AFED /* Release */ = {
			isa = XCBuildConfiguration;
			buildSettings = {
				ALWAYS_EMBED_SWIFT_STANDARD_LIBRARIES = YES;
				BUNDLE_LOADER = "$(TEST_HOST)";
				CODE_SIGN_STYLE = Automatic;
				CURRENT_PROJECT_VERSION = 1;
				GENERATE_INFOPLIST_FILE = YES;
				IPHONEOS_DEPLOYMENT_TARGET = 15.2;
				MARKETING_VERSION = 1.0;
				PRODUCT_BUNDLE_IDENTIFIER = com.iOSTest.CalculatorSwiftUITests;
				PRODUCT_NAME = "$(TARGET_NAME)";
				SWIFT_EMIT_LOC_STRINGS = NO;
				SWIFT_VERSION = 5.0;
				TARGETED_DEVICE_FAMILY = "1,2";
				TEST_HOST = "$(BUILT_PRODUCTS_DIR)/CalculatorSwiftUI.app/CalculatorSwiftUI";
			};
			name = Release;
		};
		189A4DC62E12A8340075AFED /* Debug */ = {
			isa = XCBuildConfiguration;
			buildSettings = {
				ALWAYS_EMBED_SWIFT_STANDARD_LIBRARIES = YES;
				CODE_SIGN_STYLE = Automatic;
				CURRENT_PROJECT_VERSION = 1;
				GENERATE_INFOPLIST_FILE = YES;
				MARKETING_VERSION = 1.0;
				PRODUCT_BUNDLE_IDENTIFIER = com.iOSTest.CalculatorSwiftUIUITests;
				PRODUCT_NAME = "$(TARGET_NAME)";
				SWIFT_EMIT_LOC_STRINGS = NO;
				SWIFT_VERSION = 5.0;
				TARGETED_DEVICE_FAMILY = "1,2";
				TEST_TARGET_NAME = CalculatorSwiftUI;
			};
			name = Debug;
		};
		189A4DC72E12A8340075AFED /* Release */ = {
			isa = XCBuildConfiguration;
			buildSettings = {
				ALWAYS_EMBED_SWIFT_STANDARD_LIBRARIES = YES;
				CODE_SIGN_STYLE = Automatic;
				CURRENT_PROJECT_VERSION = 1;
				GENERATE_INFOPLIST_FILE = YES;
				MARKETING_VERSION = 1.0;
				PRODUCT_BUNDLE_IDENTIFIER = com.iOSTest.CalculatorSwiftUIUITests;
				PRODUCT_NAME = "$(TARGET_NAME)";
				SWIFT_EMIT_LOC_STRINGS = NO;
				SWIFT_VERSION = 5.0;
				TARGETED_DEVICE_FAMILY = "1,2";
				TEST_TARGET_NAME = CalculatorSwiftUI;
			};
			name = Release;
		};
/* End XCBuildConfiguration section */

/* Begin XCConfigurationList section */
		189A4D962E12A82F0075AFED /* Build configuration list for PBXProject "CalculatorSwiftUI" */ = {
			isa = XCConfigurationList;
			buildConfigurations = (
				189A4DBD2E12A8340075AFED /* Debug */,
				189A4DBE2E12A8340075AFED /* Release */,
			);
			defaultConfigurationIsVisible = 0;
			defaultConfigurationName = Release;
		};
		189A4DBF2E12A8340075AFED /* Build configuration list for PBXNativeTarget "CalculatorSwiftUI" */ = {
			isa = XCConfigurationList;
			buildConfigurations = (
				189A4DC02E12A8340075AFED /* Debug */,
				189A4DC12E12A8340075AFED /* Release */,
			);
			defaultConfigurationIsVisible = 0;
			defaultConfigurationName = Release;
		};
		189A4DC22E12A8340075AFED /* Build configuration list for PBXNativeTarget "CalculatorSwiftUITests" */ = {
			isa = XCConfigurationList;
			buildConfigurations = (
				189A4DC32E12A8340075AFED /* Debug */,
				189A4DC42E12A8340075AFED /* Release */,
			);
			defaultConfigurationIsVisible = 0;
			defaultConfigurationName = Release;
		};
		189A4DC52E12A8340075AFED /* Build configuration list for PBXNativeTarget "CalculatorSwiftUIUITests" */ = {
			isa = XCConfigurationList;
			buildConfigurations = (
				189A4DC62E12A8340075AFED /* Debug */,
				189A4DC72E12A8340075AFED /* Release */,
			);
			defaultConfigurationIsVisible = 0;
			defaultConfigurationName = Release;
		};
/* End XCConfigurationList section */
	};
	rootObject = 189A4D932E12A82F0075AFED /* Project object */;
}
